{"_meta":{"file-type":"spack-lockfile","lockfile-version":6,"specfile-version":5},"spack":{"version":"1.1.0.dev0","type":"git","commit":"85794f216fc41a3d3d58b9265d6591d0bee2341a"},"roots":[{"hash":"bseetdnjfyip6mpjxfj6xb4pyy6yswzu","spec":"cuda"},{"hash":"dcs3admcmonotkzfy6jnrs4ttcifc2ur","spec":"cudnn"}],"concrete_specs":{"bseetdnjfyip6mpjxfj6xb4pyy6yswzu":{"name":"cuda","version":"12.9.0","arch":{"platform":"linux","platform_os":"ubuntu22.04","target":"x86_64"},"namespace":"builtin","parameters":{"allow-unsupported-compilers":false,"build_system":"generic","dev":false,"cflags":[],"cppflags":[],"cxxflags":[],"fflags":[],"ldflags":[],"ldlibs":[]},"package_hash":"jjp4klsetq4a7j52b77rpt36mzlkbpcuxlpldvz3ec3yzzljnnyq====","dependencies":[{"name":"libxml2","hash":"fw2wgitwzpjuynj7kremof6lefvg4yv6","parameters":{"deptypes":["build","link"],"virtuals":[]}}],"annotations":{"original_specfile_version":5},"hash":"bseetdnjfyip6mpjxfj6xb4pyy6yswzu"},"fw2wgitwzpjuynj7kremof6lefvg4yv6":{"name":"libxml2","version":"2.13.5","arch":{"platform":"linux","platform_os":"ubuntu22.04","target":"x86_64"},"namespace":"builtin","parameters":{"build_system":"autotools","http":false,"pic":true,"python":false,"shared":true,"cflags":[],"cppflags":[],"cxxflags":[],"fflags":[],"ldflags":[],"ldlibs":[]},"package_hash":"cmjo47fdgyem24wnolwiqt2uaebwuwi4xultcd5q2cdl2sxzxscq====","dependencies":[{"name":"compiler-wrapper","hash":"apbdajcaodhvt4uppgqwn2nmlcm565mz","parameters":{"deptypes":["build"],"virtuals":[]}},{"name":"gcc","hash":"2ytmhadxyqg3d6jght4fpcb2nwtc6hkg","parameters":{"deptypes":["build"],"virtuals":["c"]}},{"name":"gcc-runtime","hash":"2aeozy7vupn2tzo5vmnfdr6u64qb4hyu","parameters":{"deptypes":["link"],"virtuals":[]}},{"name":"glibc","hash":"jfjsr3pnnii2tcvxku73bl5apu6jxfct","parameters":{"deptypes":["link"],"virtuals":["libc"]}},{"name":"gmake","hash":"m7fxak7v43i5g5aho2mfati3akbnx3yi","parameters":{"deptypes":["build"],"virtuals":[]}},{"name":"libiconv","hash":"nlajnnvrliroxktemezkazcoim4herhc","parameters":{"deptypes":["build","link"],"virtuals":["iconv"]}},{"name":"pkgconf","hash":"55gthd3nakh25gxaxyzrijnwzba7y3j5","parameters":{"deptypes":["build"],"virtuals":["pkgconfig"]}},{"name":"xz","hash":"a3gry2jnxgcc4lwwnnnyhucwwp5lpu4m","parameters":{"deptypes":["build","link"],"virtuals":[]}},{"name":"zlib-ng","hash":"fbhn2kvs4zdmbfiu3wuqwn7n3ny5zqf2","parameters":{"deptypes":["build","link"],"virtuals":["zlib-api"]}}],"annotations":{"original_specfile_version":5},"hash":"fw2wgitwzpjuynj7kremof6lefvg4yv6"},"apbdajcaodhvt4uppgqwn2nmlcm565mz":{"name":"compiler-wrapper","version":"1.0","arch":{"platform":"linux","platform_os":"ubuntu22.04","target":"x86_64"},"namespace":"builtin","parameters":{"build_system":"generic","cflags":[],"cppflags":[],"cxxflags":[],"fflags":[],"ldflags":[],"ldlibs":[]},"package_hash":"brmd47iexcajusyydhjj4hkqcorobvc6swc7g6px6hryjo3jjm4q====","annotations":{"original_specfile_version":5},"hash":"apbdajcaodhvt4uppgqwn2nmlcm565mz"},"2ytmhadxyqg3d6jght4fpcb2nwtc6hkg":{"name":"gcc","version":"11.4.0","arch":{"platform":"linux","platform_os":"ubuntu22.04","target":"x86_64"},"namespace":"builtin","parameters":{"binutils":true,"bootstrap":true,"build_system":"autotools","build_type":"RelWithDebInfo","graphite":false,"languages":["c","c++","fortran"],"nvptx":false,"piclibs":false,"profiled":false,"strip":false,"cflags":[],"cppflags":[],"cxxflags":[],"fflags":[],"ldflags":[],"ldlibs":[]},"external":{"path":"/usr","module":null,"extra_attributes":{"compilers":{"c":"/usr/bin/gcc","cxx":"/usr/bin/g++","fortran":"/usr/bin/gfortran"}}},"package_hash":"qzo2wtxhbaca3extazdlewlq5nf3roiv3l3sjb3akctpl7hmre3a====","annotations":{"original_specfile_version":5},"hash":"2ytmhadxyqg3d6jght4fpcb2nwtc6hkg"},"2aeozy7vupn2tzo5vmnfdr6u64qb4hyu":{"name":"gcc-runtime","version":"11.4.0","arch":{"platform":"linux","platform_os":"ubuntu22.04","target":"x86_64"},"namespace":"builtin","parameters":{"build_system":"generic","cflags":[],"cppflags":[],"cxxflags":[],"fflags":[],"ldflags":[],"ldlibs":[]},"package_hash":"q2rk2ibjyixyovjks3huspa2gqfkl7b2q2l4efx54262chl3icjq====","dependencies":[{"name":"gcc","hash":"2ytmhadxyqg3d6jght4fpcb2nwtc6hkg","parameters":{"deptypes":["build"],"virtuals":[]}},{"name":"glibc","hash":"jfjsr3pnnii2tcvxku73bl5apu6jxfct","parameters":{"deptypes":["link"],"virtuals":["libc"]}}],"annotations":{"original_specfile_version":5},"hash":"2aeozy7vupn2tzo5vmnfdr6u64qb4hyu"},"jfjsr3pnnii2tcvxku73bl5apu6jxfct":{"name":"glibc","version":"2.35","arch":{"platform":"linux","platform_os":"ubuntu22.04","target":"x86_64"},"namespace":"builtin","parameters":{"build_system":"autotools","cflags":[],"cppflags":[],"cxxflags":[],"fflags":[],"ldflags":[],"ldlibs":[]},"external":{"path":"/usr","module":null,"extra_attributes":{}},"package_hash":"labkut57sbgo5vt35suievms7ttuwbftxtp66nrxqswuy7kgrprq====","annotations":{"original_specfile_version":5},"hash":"jfjsr3pnnii2tcvxku73bl5apu6jxfct"},"m7fxak7v43i5g5aho2mfati3akbnx3yi":{"name":"gmake","version":"4.4.1","arch":{"platform":"linux","platform_os":"ubuntu22.04","target":"x86_64"},"namespace":"builtin","parameters":{"build_system":"generic","guile":false,"cflags":[],"cppflags":[],"cxxflags":[],"fflags":[],"ldflags":[],"ldlibs":[]},"package_hash":"h2dsagusnktgdqtmrkidm6otgpj3lzpu4yczjxl77l5i3ckinszq====","dependencies":[{"name":"compiler-wrapper","hash":"apbdajcaodhvt4uppgqwn2nmlcm565mz","parameters":{"deptypes":["build"],"virtuals":[]}},{"name":"gcc","hash":"2ytmhadxyqg3d6jght4fpcb2nwtc6hkg","parameters":{"deptypes":["build"],"virtuals":["c"]}},{"name":"gcc-runtime","hash":"2aeozy7vupn2tzo5vmnfdr6u64qb4hyu","parameters":{"deptypes":["link"],"virtuals":[]}},{"name":"glibc","hash":"jfjsr3pnnii2tcvxku73bl5apu6jxfct","parameters":{"deptypes":["link"],"virtuals":["libc"]}}],"annotations":{"original_specfile_version":5},"hash":"m7fxak7v43i5g5aho2mfati3akbnx3yi"},"nlajnnvrliroxktemezkazcoim4herhc":{"name":"libiconv","version":"1.18","arch":{"platform":"linux","platform_os":"ubuntu22.04","target":"x86_64"},"namespace":"builtin","parameters":{"build_system":"autotools","libs":["shared","static"],"cflags":[],"cppflags":[],"cxxflags":[],"fflags":[],"ldflags":[],"ldlibs":[]},"package_hash":"57qcdp5r3pkdlzpwspvufc6ojs26lglepl3zchdj4qaq6s4izg3a====","dependencies":[{"name":"compiler-wrapper","hash":"apbdajcaodhvt4uppgqwn2nmlcm565mz","parameters":{"deptypes":["build"],"virtuals":[]}},{"name":"gcc","hash":"2ytmhadxyqg3d6jght4fpcb2nwtc6hkg","parameters":{"deptypes":["build"],"virtuals":["c"]}},{"name":"gcc-runtime","hash":"2aeozy7vupn2tzo5vmnfdr6u64qb4hyu","parameters":{"deptypes":["link"],"virtuals":[]}},{"name":"glibc","hash":"jfjsr3pnnii2tcvxku73bl5apu6jxfct","parameters":{"deptypes":["link"],"virtuals":["libc"]}},{"name":"gmake","hash":"m7fxak7v43i5g5aho2mfati3akbnx3yi","parameters":{"deptypes":["build"],"virtuals":[]}}],"annotations":{"original_specfile_version":5},"hash":"nlajnnvrliroxktemezkazcoim4herhc"},"55gthd3nakh25gxaxyzrijnwzba7y3j5":{"name":"pkgconf","version":"2.5.1","arch":{"platform":"linux","platform_os":"ubuntu22.04","target":"x86_64"},"namespace":"builtin","parameters":{"build_system":"autotools","cflags":[],"cppflags":[],"cxxflags":[],"fflags":[],"ldflags":[],"ldlibs":[]},"package_hash":"o6vd55gzw74grnmg4yrt3smyrtsshssqjvxsqbchcjimkv2nkysa====","dependencies":[{"name":"compiler-wrapper","hash":"apbdajcaodhvt4uppgqwn2nmlcm565mz","parameters":{"deptypes":["build"],"virtuals":[]}},{"name":"gcc","hash":"2ytmhadxyqg3d6jght4fpcb2nwtc6hkg","parameters":{"deptypes":["build"],"virtuals":["c"]}},{"name":"gcc-runtime","hash":"2aeozy7vupn2tzo5vmnfdr6u64qb4hyu","parameters":{"deptypes":["link"],"virtuals":[]}},{"name":"glibc","hash":"jfjsr3pnnii2tcvxku73bl5apu6jxfct","parameters":{"deptypes":["link"],"virtuals":["libc"]}},{"name":"gmake","hash":"m7fxak7v43i5g5aho2mfati3akbnx3yi","parameters":{"deptypes":["build"],"virtuals":[]}}],"annotations":{"original_specfile_version":5},"hash":"55gthd3nakh25gxaxyzrijnwzba7y3j5"},"a3gry2jnxgcc4lwwnnnyhucwwp5lpu4m":{"name":"xz","version":"5.6.3","arch":{"platform":"linux","platform_os":"ubuntu22.04","target":"x86_64"},"namespace":"builtin","parameters":{"build_system":"autotools","libs":["shared","static"],"pic":false,"cflags":[],"cppflags":[],"cxxflags":[],"fflags":[],"ldflags":[],"ldlibs":[]},"package_hash":"b6j6q3rfjlydmi546vpb5ayo23vtdaptooqyfqqmavkpfxre3llq====","dependencies":[{"name":"compiler-wrapper","hash":"apbdajcaodhvt4uppgqwn2nmlcm565mz","parameters":{"deptypes":["build"],"virtuals":[]}},{"name":"gcc","hash":"2ytmhadxyqg3d6jght4fpcb2nwtc6hkg","parameters":{"deptypes":["build"],"virtuals":["c"]}},{"name":"gcc-runtime","hash":"2aeozy7vupn2tzo5vmnfdr6u64qb4hyu","parameters":{"deptypes":["link"],"virtuals":[]}},{"name":"glibc","hash":"jfjsr3pnnii2tcvxku73bl5apu6jxfct","parameters":{"deptypes":["link"],"virtuals":["libc"]}},{"name":"gmake","hash":"m7fxak7v43i5g5aho2mfati3akbnx3yi","parameters":{"deptypes":["build"],"virtuals":[]}}],"annotations":{"original_specfile_version":5},"hash":"a3gry2jnxgcc4lwwnnnyhucwwp5lpu4m"},"fbhn2kvs4zdmbfiu3wuqwn7n3ny5zqf2":{"name":"zlib-ng","version":"2.2.4","arch":{"platform":"linux","platform_os":"ubuntu22.04","target":"x86_64"},"namespace":"builtin","parameters":{"build_system":"autotools","compat":true,"new_strategies":true,"opt":true,"pic":true,"shared":true,"cflags":[],"cppflags":[],"cxxflags":[],"fflags":[],"ldflags":[],"ldlibs":[]},"package_hash":"atlinvfh3ttnwgfvl3uftgsyhtyqhhrmvzojzrhlyebq3fbbhptq====","dependencies":[{"name":"compiler-wrapper","hash":"apbdajcaodhvt4uppgqwn2nmlcm565mz","parameters":{"deptypes":["build"],"virtuals":[]}},{"name":"gcc","hash":"2ytmhadxyqg3d6jght4fpcb2nwtc6hkg","parameters":{"deptypes":["build"],"virtuals":["c","cxx"]}},{"name":"gcc-runtime","hash":"2aeozy7vupn2tzo5vmnfdr6u64qb4hyu","parameters":{"deptypes":["link"],"virtuals":[]}},{"name":"glibc","hash":"jfjsr3pnnii2tcvxku73bl5apu6jxfct","parameters":{"deptypes":["link"],"virtuals":["libc"]}},{"name":"gmake","hash":"m7fxak7v43i5g5aho2mfati3akbnx3yi","parameters":{"deptypes":["build"],"virtuals":[]}}],"annotations":{"original_specfile_version":5},"hash":"fbhn2kvs4zdmbfiu3wuqwn7n3ny5zqf2"},"dcs3admcmonotkzfy6jnrs4ttcifc2ur":{"name":"cudnn","version":"9.8.0.87-12","arch":{"platform":"linux","platform_os":"ubuntu22.04","target":"x86_64"},"namespace":"builtin","parameters":{"build_system":"generic","cflags":[],"cppflags":[],"cxxflags":[],"fflags":[],"ldflags":[],"ldlibs":[]},"package_hash":"wsp6e6gzllg3hhhlosem3gp64lry4phn5ykr5f37yy5x4napcjha====","dependencies":[{"name":"cuda","hash":"bseetdnjfyip6mpjxfj6xb4pyy6yswzu","parameters":{"deptypes":["build","link"],"virtuals":[]}}],"annotations":{"original_specfile_version":5},"hash":"dcs3admcmonotkzfy6jnrs4ttcifc2ur"}}}